// !$*UTF8*$!
{
	archiveVersion = 1;
	classes = {
	};
	objectVersion = 50;
	objects = {

/* Begin PBXBuildFile section */
		7201CD642680061900D5E9D7 /* SavingsViewController.swift in Sources */ = {isa = PBXBuildFile; fileRef = 7201CD632680061900D5E9D7 /* SavingsViewController.swift */; };
		7201CD66268006D500D5E9D7 /* SavingsTableViewCell.swift in Sources */ = {isa = PBXBuildFile; fileRef = 7201CD65268006D500D5E9D7 /* SavingsTableViewCell.swift */; };
		7203E887265B06DF0079FF47 /* AppDelegate.swift in Sources */ = {isa = PBXBuildFile; fileRef = 7203E886265B06DF0079FF47 /* AppDelegate.swift */; };
		7203E889265B06DF0079FF47 /* SceneDelegate.swift in Sources */ = {isa = PBXBuildFile; fileRef = 7203E888265B06DF0079FF47 /* SceneDelegate.swift */; };
		7203E88B265B06DF0079FF47 /* ViewController.swift in Sources */ = {isa = PBXBuildFile; fileRef = 7203E88A265B06DF0079FF47 /* ViewController.swift */; };
		7203E88E265B06DF0079FF47 /* Main.storyboard in Resources */ = {isa = PBXBuildFile; fileRef = 7203E88C265B06DF0079FF47 /* Main.storyboard */; };
		7203E893265B06E10079FF47 /* Assets.xcassets in Resources */ = {isa = PBXBuildFile; fileRef = 7203E892265B06E10079FF47 /* Assets.xcassets */; };
		7203E896265B06E10079FF47 /* LaunchScreen.storyboard in Resources */ = {isa = PBXBuildFile; fileRef = 7203E894265B06E10079FF47 /* LaunchScreen.storyboard */; };
		720550CB2695F6D5008AD602 /* Expense+CoreDataClass.swift in Sources */ = {isa = PBXBuildFile; fileRef = 720550C52695F6D5008AD602 /* Expense+CoreDataClass.swift */; };
		720550CC2695F6D5008AD602 /* Expense+CoreDataProperties.swift in Sources */ = {isa = PBXBuildFile; fileRef = 720550C62695F6D5008AD602 /* Expense+CoreDataProperties.swift */; };
		720550CD2695F6D5008AD602 /* Savings+CoreDataClass.swift in Sources */ = {isa = PBXBuildFile; fileRef = 720550C72695F6D5008AD602 /* Savings+CoreDataClass.swift */; };
		720550CE2695F6D5008AD602 /* Savings+CoreDataProperties.swift in Sources */ = {isa = PBXBuildFile; fileRef = 720550C82695F6D5008AD602 /* Savings+CoreDataProperties.swift */; };
		720550CF2695F6D5008AD602 /* YearlySavings+CoreDataClass.swift in Sources */ = {isa = PBXBuildFile; fileRef = 720550C92695F6D5008AD602 /* YearlySavings+CoreDataClass.swift */; };
		720550D02695F6D5008AD602 /* YearlySavings+CoreDataProperties.swift in Sources */ = {isa = PBXBuildFile; fileRef = 720550CA2695F6D5008AD602 /* YearlySavings+CoreDataProperties.swift */; };
		72086D802663190700870AA9 /* DailyExpensesViewController.swift in Sources */ = {isa = PBXBuildFile; fileRef = 72086D7F2663190700870AA9 /* DailyExpensesViewController.swift */; };
		72086D832663255500870AA9 /* DailyExpenseTableViewCell.swift in Sources */ = {isa = PBXBuildFile; fileRef = 72086D822663255500870AA9 /* DailyExpenseTableViewCell.swift */; };
		7235478126C0389A004F6563 /* HomeNC.swift in Sources */ = {isa = PBXBuildFile; fileRef = 7235478026C0389A004F6563 /* HomeNC.swift */; };
		7235478326C03926004F6563 /* SavingsNC.swift in Sources */ = {isa = PBXBuildFile; fileRef = 7235478226C03926004F6563 /* SavingsNC.swift */; };
		7248BC662661500C006D40E2 /* PersonalAccountingApp.xcdatamodeld in Sources */ = {isa = PBXBuildFile; fileRef = 7203E88F265B06DF0079FF47 /* PersonalAccountingApp.xcdatamodeld */; };
		72B13F82265EA72D00277014 /* HistoryTableViewCell.swift in Sources */ = {isa = PBXBuildFile; fileRef = 72B13F81265EA72D00277014 /* HistoryTableViewCell.swift */; };
		72B13F85265EAA4400277014 /* HistoryViewController.swift in Sources */ = {isa = PBXBuildFile; fileRef = 72B13F84265EAA4400277014 /* HistoryViewController.swift */; };
		72BCBECC26949CC800D9CA19 /* CloudKit.framework in Frameworks */ = {isa = PBXBuildFile; fileRef = 72BCBECB26949CC800D9CA19 /* CloudKit.framework */; };
		72D61870265B2BE300F1C53D /* AddExpensesVIewController.swift in Sources */ = {isa = PBXBuildFile; fileRef = 72D6186F265B2BE300F1C53D /* AddExpensesVIewController.swift */; };
		72EB7B9126A09C27000FBE4E /* SignInWithAppleViewController.swift in Sources */ = {isa = PBXBuildFile; fileRef = 72EB7B9026A09C27000FBE4E /* SignInWithAppleViewController.swift */; };
		72FC416326BC5E460073B4FC /* HistoryNC.swift in Sources */ = {isa = PBXBuildFile; fileRef = 72FC416226BC5E460073B4FC /* HistoryNC.swift */; };
/* End PBXBuildFile section */

/* Begin PBXFileReference section */
		7201CD632680061900D5E9D7 /* SavingsViewController.swift */ = {isa = PBXFileReference; lastKnownFileType = sourcecode.swift; path = SavingsViewController.swift; sourceTree = "<group>"; };
		7201CD65268006D500D5E9D7 /* SavingsTableViewCell.swift */ = {isa = PBXFileReference; lastKnownFileType = sourcecode.swift; path = SavingsTableViewCell.swift; sourceTree = "<group>"; };
		7203E883265B06DF0079FF47 /* PersonalAccountingApp.app */ = {isa = PBXFileReference; explicitFileType = wrapper.application; includeInIndex = 0; path = PersonalAccountingApp.app; sourceTree = BUILT_PRODUCTS_DIR; };
		7203E886265B06DF0079FF47 /* AppDelegate.swift */ = {isa = PBXFileReference; lastKnownFileType = sourcecode.swift; path = AppDelegate.swift; sourceTree = "<group>"; };
		7203E888265B06DF0079FF47 /* SceneDelegate.swift */ = {isa = PBXFileReference; lastKnownFileType = sourcecode.swift; path = SceneDelegate.swift; sourceTree = "<group>"; };
		7203E88A265B06DF0079FF47 /* ViewController.swift */ = {isa = PBXFileReference; lastKnownFileType = sourcecode.swift; path = ViewController.swift; sourceTree = "<group>"; };
		7203E88D265B06DF0079FF47 /* Base */ = {isa = PBXFileReference; lastKnownFileType = file.storyboard; name = Base; path = Base.lproj/Main.storyboard; sourceTree = "<group>"; };
		7203E890265B06DF0079FF47 /* PersonalAccountingApp.xcdatamodel */ = {isa = PBXFileReference; lastKnownFileType = wrapper.xcdatamodel; path = PersonalAccountingApp.xcdatamodel; sourceTree = "<group>"; };
		7203E892265B06E10079FF47 /* Assets.xcassets */ = {isa = PBXFileReference; lastKnownFileType = folder.assetcatalog; path = Assets.xcassets; sourceTree = "<group>"; };
		7203E895265B06E10079FF47 /* Base */ = {isa = PBXFileReference; lastKnownFileType = file.storyboard; name = Base; path = Base.lproj/LaunchScreen.storyboard; sourceTree = "<group>"; };
		7203E897265B06E10079FF47 /* Info.plist */ = {isa = PBXFileReference; lastKnownFileType = text.plist.xml; path = Info.plist; sourceTree = "<group>"; };
		720550C52695F6D5008AD602 /* Expense+CoreDataClass.swift */ = {isa = PBXFileReference; lastKnownFileType = sourcecode.swift; path = "Expense+CoreDataClass.swift"; sourceTree = SOURCE_ROOT; };
		720550C62695F6D5008AD602 /* Expense+CoreDataProperties.swift */ = {isa = PBXFileReference; lastKnownFileType = sourcecode.swift; path = "Expense+CoreDataProperties.swift"; sourceTree = SOURCE_ROOT; };
		720550C72695F6D5008AD602 /* Savings+CoreDataClass.swift */ = {isa = PBXFileReference; lastKnownFileType = sourcecode.swift; path = "Savings+CoreDataClass.swift"; sourceTree = SOURCE_ROOT; };
		720550C82695F6D5008AD602 /* Savings+CoreDataProperties.swift */ = {isa = PBXFileReference; lastKnownFileType = sourcecode.swift; path = "Savings+CoreDataProperties.swift"; sourceTree = SOURCE_ROOT; };
		720550C92695F6D5008AD602 /* YearlySavings+CoreDataClass.swift */ = {isa = PBXFileReference; lastKnownFileType = sourcecode.swift; path = "YearlySavings+CoreDataClass.swift"; sourceTree = SOURCE_ROOT; };
		720550CA2695F6D5008AD602 /* YearlySavings+CoreDataProperties.swift */ = {isa = PBXFileReference; lastKnownFileType = sourcecode.swift; path = "YearlySavings+CoreDataProperties.swift"; sourceTree = SOURCE_ROOT; };
		72086D7F2663190700870AA9 /* DailyExpensesViewController.swift */ = {isa = PBXFileReference; lastKnownFileType = sourcecode.swift; path = DailyExpensesViewController.swift; sourceTree = "<group>"; };
		72086D822663255500870AA9 /* DailyExpenseTableViewCell.swift */ = {isa = PBXFileReference; lastKnownFileType = sourcecode.swift; path = DailyExpenseTableViewCell.swift; sourceTree = "<group>"; };
		7235478026C0389A004F6563 /* HomeNC.swift */ = {isa = PBXFileReference; lastKnownFileType = sourcecode.swift; path = HomeNC.swift; sourceTree = "<group>"; };
		7235478226C03926004F6563 /* SavingsNC.swift */ = {isa = PBXFileReference; lastKnownFileType = sourcecode.swift; path = SavingsNC.swift; sourceTree = "<group>"; };
		72B13F81265EA72D00277014 /* HistoryTableViewCell.swift */ = {isa = PBXFileReference; lastKnownFileType = sourcecode.swift; path = HistoryTableViewCell.swift; sourceTree = "<group>"; };
		72B13F84265EAA4400277014 /* HistoryViewController.swift */ = {isa = PBXFileReference; lastKnownFileType = sourcecode.swift; path = HistoryViewController.swift; sourceTree = "<group>"; };
		72BCBEC926949CA900D9CA19 /* PersonalAccountingApp.entitlements */ = {isa = PBXFileReference; lastKnownFileType = text.plist.entitlements; path = PersonalAccountingApp.entitlements; sourceTree = "<group>"; };
		72BCBECB26949CC800D9CA19 /* CloudKit.framework */ = {isa = PBXFileReference; lastKnownFileType = wrapper.framework; name = CloudKit.framework; path = System/Library/Frameworks/CloudKit.framework; sourceTree = SDKROOT; };
		72D6186F265B2BE300F1C53D /* AddExpensesVIewController.swift */ = {isa = PBXFileReference; lastKnownFileType = sourcecode.swift; path = AddExpensesVIewController.swift; sourceTree = "<group>"; };
		72EB7B9026A09C27000FBE4E /* SignInWithAppleViewController.swift */ = {isa = PBXFileReference; lastKnownFileType = sourcecode.swift; path = SignInWithAppleViewController.swift; sourceTree = "<group>"; };
		72FC416226BC5E460073B4FC /* HistoryNC.swift */ = {isa = PBXFileReference; lastKnownFileType = sourcecode.swift; path = HistoryNC.swift; sourceTree = "<group>"; };
/* End PBXFileReference section */

/* Begin PBXFrameworksBuildPhase section */
		7203E880265B06DF0079FF47 /* Frameworks */ = {
			isa = PBXFrameworksBuildPhase;
			buildActionMask = 2147483647;
			files = (
				72BCBECC26949CC800D9CA19 /* CloudKit.framework in Frameworks */,
			);
			runOnlyForDeploymentPostprocessing = 0;
		};
/* End PBXFrameworksBuildPhase section */

/* Begin PBXGroup section */
		7203E87A265B06DF0079FF47 = {
			isa = PBXGroup;
			children = (
				7203E885265B06DF0079FF47 /* PersonalAccountingApp */,
				7203E884265B06DF0079FF47 /* Products */,
				72BCBECA26949CC800D9CA19 /* Frameworks */,
			);
			sourceTree = "<group>";
		};
		7203E884265B06DF0079FF47 /* Products */ = {
			isa = PBXGroup;
			children = (
				7203E883265B06DF0079FF47 /* PersonalAccountingApp.app */,
			);
			name = Products;
			sourceTree = "<group>";
		};
		7203E885265B06DF0079FF47 /* PersonalAccountingApp */ = {
			isa = PBXGroup;
			children = (
				72BCBEC926949CA900D9CA19 /* PersonalAccountingApp.entitlements */,
				72BFE4FE265FF8E000C2D7C0 /* Model */,
				7203E886265B06DF0079FF47 /* AppDelegate.swift */,
				7203E888265B06DF0079FF47 /* SceneDelegate.swift */,
				724E8EB426BF65BF0076BF0D /* ViewControllers */,
				7203E88C265B06DF0079FF47 /* Main.storyboard */,
				7203E892265B06E10079FF47 /* Assets.xcassets */,
				7203E894265B06E10079FF47 /* LaunchScreen.storyboard */,
				7203E897265B06E10079FF47 /* Info.plist */,
				7203E88F265B06DF0079FF47 /* PersonalAccountingApp.xcdatamodeld */,
			);
			path = PersonalAccountingApp;
			sourceTree = "<group>";
		};
		7235477F26C03868004F6563 /* HomeVC */ = {
			isa = PBXGroup;
			children = (
				7203E88A265B06DF0079FF47 /* ViewController.swift */,
				7235478026C0389A004F6563 /* HomeNC.swift */,
			);
			path = HomeVC;
			sourceTree = "<group>";
		};
		724E8EB126BF65230076BF0D /* SavingsVC */ = {
			isa = PBXGroup;
			children = (
				7201CD65268006D500D5E9D7 /* SavingsTableViewCell.swift */,
				7201CD632680061900D5E9D7 /* SavingsViewController.swift */,
				7235478226C03926004F6563 /* SavingsNC.swift */,
			);
			path = SavingsVC;
			sourceTree = "<group>";
		};
		724E8EB226BF65560076BF0D /* DailyExpenseVC */ = {
			isa = PBXGroup;
			children = (
				72086D822663255500870AA9 /* DailyExpenseTableViewCell.swift */,
				72086D7F2663190700870AA9 /* DailyExpensesViewController.swift */,
			);
			path = DailyExpenseVC;
			sourceTree = "<group>";
		};
		724E8EB326BF656D0076BF0D /* HistoryVC */ = {
			isa = PBXGroup;
			children = (
				72B13F81265EA72D00277014 /* HistoryTableViewCell.swift */,
				72FC416226BC5E460073B4FC /* HistoryNC.swift */,
				72B13F84265EAA4400277014 /* HistoryViewController.swift */,
			);
			path = HistoryVC;
			sourceTree = "<group>";
		};
		724E8EB426BF65BF0076BF0D /* ViewControllers */ = {
			isa = PBXGroup;
			children = (
				724E8EB226BF65560076BF0D /* DailyExpenseVC */,
				724E8EB326BF656D0076BF0D /* HistoryVC */,
				724E8EB126BF65230076BF0D /* SavingsVC */,
				72EB7B9026A09C27000FBE4E /* SignInWithAppleViewController.swift */,
				7235477F26C03868004F6563 /* HomeVC */,
				72D6186F265B2BE300F1C53D /* AddExpensesVIewController.swift */,
			);
			path = ViewControllers;
			sourceTree = "<group>";
		};
		72BCBECA26949CC800D9CA19 /* Frameworks */ = {
			isa = PBXGroup;
			children = (
				72BCBECB26949CC800D9CA19 /* CloudKit.framework */,
			);
			name = Frameworks;
			sourceTree = "<group>";
		};
		72BFE4FE265FF8E000C2D7C0 /* Model */ = {
			isa = PBXGroup;
			children = (
				720550C52695F6D5008AD602 /* Expense+CoreDataClass.swift */,
				720550C62695F6D5008AD602 /* Expense+CoreDataProperties.swift */,
				720550C72695F6D5008AD602 /* Savings+CoreDataClass.swift */,
				720550C82695F6D5008AD602 /* Savings+CoreDataProperties.swift */,
				720550C92695F6D5008AD602 /* YearlySavings+CoreDataClass.swift */,
				720550CA2695F6D5008AD602 /* YearlySavings+CoreDataProperties.swift */,
			);
			path = Model;
			sourceTree = "<group>";
		};
/* End PBXGroup section */

/* Begin PBXNativeTarget section */
		7203E882265B06DF0079FF47 /* PersonalAccountingApp */ = {
			isa = PBXNativeTarget;
			buildConfigurationList = 7203E89A265B06E10079FF47 /* Build configuration list for PBXNativeTarget "PersonalAccountingApp" */;
			buildPhases = (
				7203E87F265B06DF0079FF47 /* Sources */,
				7203E880265B06DF0079FF47 /* Frameworks */,
				7203E881265B06DF0079FF47 /* Resources */,
			);
			buildRules = (
			);
			dependencies = (
			);
			name = PersonalAccountingApp;
			productName = PersonalAccountingApp;
			productReference = 7203E883265B06DF0079FF47 /* PersonalAccountingApp.app */;
			productType = "com.apple.product-type.application";
		};
/* End PBXNativeTarget section */

/* Begin PBXProject section */
		7203E87B265B06DF0079FF47 /* Project object */ = {
			isa = PBXProject;
			attributes = {
				LastSwiftUpdateCheck = 1220;
				LastUpgradeCheck = 1220;
				TargetAttributes = {
					7203E882265B06DF0079FF47 = {
						CreatedOnToolsVersion = 12.2;
					};
				};
			};
			buildConfigurationList = 7203E87E265B06DF0079FF47 /* Build configuration list for PBXProject "PersonalAccountingApp" */;
			compatibilityVersion = "Xcode 9.3";
			developmentRegion = en;
			hasScannedForEncodings = 0;
			knownRegions = (
				en,
				Base,
			);
			mainGroup = 7203E87A265B06DF0079FF47;
			productRefGroup = 7203E884265B06DF0079FF47 /* Products */;
			projectDirPath = "";
			projectRoot = "";
			targets = (
				7203E882265B06DF0079FF47 /* PersonalAccountingApp */,
			);
		};
/* End PBXProject section */

/* Begin PBXResourcesBuildPhase section */
		7203E881265B06DF0079FF47 /* Resources */ = {
			isa = PBXResourcesBuildPhase;
			buildActionMask = 2147483647;
			files = (
				7203E896265B06E10079FF47 /* LaunchScreen.storyboard in Resources */,
				7203E893265B06E10079FF47 /* Assets.xcassets in Resources */,
				7203E88E265B06DF0079FF47 /* Main.storyboard in Resources */,
			);
			runOnlyForDeploymentPostprocessing = 0;
		};
/* End PBXResourcesBuildPhase section */

/* Begin PBXSourcesBuildPhase section */
		7203E87F265B06DF0079FF47 /* Sources */ = {
			isa = PBXSourcesBuildPhase;
			buildActionMask = 2147483647;
			files = (
				7201CD642680061900D5E9D7 /* SavingsViewController.swift in Sources */,
				72086D832663255500870AA9 /* DailyExpenseTableViewCell.swift in Sources */,
				7248BC662661500C006D40E2 /* PersonalAccountingApp.xcdatamodeld in Sources */,
				720550CF2695F6D5008AD602 /* YearlySavings+CoreDataClass.swift in Sources */,
				72B13F82265EA72D00277014 /* HistoryTableViewCell.swift in Sources */,
				7203E88B265B06DF0079FF47 /* ViewController.swift in Sources */,
				7203E887265B06DF0079FF47 /* AppDelegate.swift in Sources */,
				720550CE2695F6D5008AD602 /* Savings+CoreDataProperties.swift in Sources */,
				7201CD66268006D500D5E9D7 /* SavingsTableViewCell.swift in Sources */,
				72D61870265B2BE300F1C53D /* AddExpensesVIewController.swift in Sources */,
				72086D802663190700870AA9 /* DailyExpensesViewController.swift in Sources */,
				7235478326C03926004F6563 /* SavingsNC.swift in Sources */,
				720550D02695F6D5008AD602 /* YearlySavings+CoreDataProperties.swift in Sources */,
				72FC416326BC5E460073B4FC /* HistoryNC.swift in Sources */,
				7235478126C0389A004F6563 /* HomeNC.swift in Sources */,
				72B13F85265EAA4400277014 /* HistoryViewController.swift in Sources */,
				72EB7B9126A09C27000FBE4E /* SignInWithAppleViewController.swift in Sources */,
				720550CB2695F6D5008AD602 /* Expense+CoreDataClass.swift in Sources */,
				720550CC2695F6D5008AD602 /* Expense+CoreDataProperties.swift in Sources */,
				7203E889265B06DF0079FF47 /* SceneDelegate.swift in Sources */,
				720550CD2695F6D5008AD602 /* Savings+CoreDataClass.swift in Sources */,
			);
			runOnlyForDeploymentPostprocessing = 0;
		};
/* End PBXSourcesBuildPhase section */

/* Begin PBXVariantGroup section */
		7203E88C265B06DF0079FF47 /* Main.storyboard */ = {
			isa = PBXVariantGroup;
			children = (
				7203E88D265B06DF0079FF47 /* Base */,
			);
			name = Main.storyboard;
			sourceTree = "<group>";
		};
		7203E894265B06E10079FF47 /* LaunchScreen.storyboard */ = {
			isa = PBXVariantGroup;
			children = (
				7203E895265B06E10079FF47 /* Base */,
			);
			name = LaunchScreen.storyboard;
			sourceTree = "<group>";
		};
/* End PBXVariantGroup section */

/* Begin XCBuildConfiguration section */
		7203E898265B06E10079FF47 /* Debug */ = {
			isa = XCBuildConfiguration;
			buildSettings = {
				ALWAYS_SEARCH_USER_PATHS = NO;
				CLANG_ANALYZER_NONNULL = YES;
				CLANG_ANALYZER_NUMBER_OBJECT_CONVERSION = YES_AGGRESSIVE;
				CLANG_CXX_LANGUAGE_STANDARD = "gnu++14";
				CLANG_CXX_LIBRARY = "libc++";
				CLANG_ENABLE_MODULES = YES;
				CLANG_ENABLE_OBJC_ARC = YES;
				CLANG_ENABLE_OBJC_WEAK = YES;
				CLANG_WARN_BLOCK_CAPTURE_AUTORELEASING = YES;
				CLANG_WARN_BOOL_CONVERSION = YES;
				CLANG_WARN_COMMA = YES;
				CLANG_WARN_CONSTANT_CONVERSION = YES;
				CLANG_WARN_DEPRECATED_OBJC_IMPLEMENTATIONS = YES;
				CLANG_WARN_DIRECT_OBJC_ISA_USAGE = YES_ERROR;
				CLANG_WARN_DOCUMENTATION_COMMENTS = YES;
				CLANG_WARN_EMPTY_BODY = YES;
				CLANG_WARN_ENUM_CONVERSION = YES;
				CLANG_WARN_INFINITE_RECURSION = YES;
				CLANG_WARN_INT_CONVERSION = YES;
				CLANG_WARN_NON_LITERAL_NULL_CONVERSION = YES;
				CLANG_WARN_OBJC_IMPLICIT_RETAIN_SELF = YES;
				CLANG_WARN_OBJC_LITERAL_CONVERSION = YES;
				CLANG_WARN_OBJC_ROOT_CLASS = YES_ERROR;
				CLANG_WARN_QUOTED_INCLUDE_IN_FRAMEWORK_HEADER = YES;
				CLANG_WARN_RANGE_LOOP_ANALYSIS = YES;
				CLANG_WARN_STRICT_PROTOTYPES = YES;
				CLANG_WARN_SUSPICIOUS_MOVE = YES;
				CLANG_WARN_UNGUARDED_AVAILABILITY = YES_AGGRESSIVE;
				CLANG_WARN_UNREACHABLE_CODE = YES;
				CLANG_WARN__DUPLICATE_METHOD_MATCH = YES;
				COPY_PHASE_STRIP = NO;
				DEBUG_INFORMATION_FORMAT = dwarf;
				ENABLE_STRICT_OBJC_MSGSEND = YES;
				ENABLE_TESTABILITY = YES;
				GCC_C_LANGUAGE_STANDARD = gnu11;
				GCC_DYNAMIC_NO_PIC = NO;
				GCC_NO_COMMON_BLOCKS = YES;
				GCC_OPTIMIZATION_LEVEL = 0;
				GCC_PREPROCESSOR_DEFINITIONS = (
					"DEBUG=1",
					"$(inherited)",
				);
				GCC_WARN_64_TO_32_BIT_CONVERSION = YES;
				GCC_WARN_ABOUT_RETURN_TYPE = YES_ERROR;
				GCC_WARN_UNDECLARED_SELECTOR = YES;
				GCC_WARN_UNINITIALIZED_AUTOS = YES_AGGRESSIVE;
				GCC_WARN_UNUSED_FUNCTION = YES;
				GCC_WARN_UNUSED_VARIABLE = YES;
				IPHONEOS_DEPLOYMENT_TARGET = 14.2;
				MTL_ENABLE_DEBUG_INFO = INCLUDE_SOURCE;
				MTL_FAST_MATH = YES;
				ONLY_ACTIVE_ARCH = YES;
				SDKROOT = iphoneos;
				SWIFT_ACTIVE_COMPILATION_CONDITIONS = DEBUG;
				SWIFT_OPTIMIZATION_LEVEL = "-Onone";
			};
			name = Debug;
		};
		7203E899265B06E10079FF47 /* Release */ = {
			isa = XCBuildConfiguration;
			buildSettings = {
				ALWAYS_SEARCH_USER_PATHS = NO;
				CLANG_ANALYZER_NONNULL = YES;
				CLANG_ANALYZER_NUMBER_OBJECT_CONVERSION = YES_AGGRESSIVE;
				CLANG_CXX_LANGUAGE_STANDARD = "gnu++14";
				CLANG_CXX_LIBRARY = "libc++";
				CLANG_ENABLE_MODULES = YES;
				CLANG_ENABLE_OBJC_ARC = YES;
				CLANG_ENABLE_OBJC_WEAK = YES;
				CLANG_WARN_BLOCK_CAPTURE_AUTORELEASING = YES;
				CLANG_WARN_BOOL_CONVERSION = YES;
				CLANG_WARN_COMMA = YES;
				CLANG_WARN_CONSTANT_CONVERSION = YES;
				CLANG_WARN_DEPRECATED_OBJC_IMPLEMENTATIONS = YES;
				CLANG_WARN_DIRECT_OBJC_ISA_USAGE = YES_ERROR;
				CLANG_WARN_DOCUMENTATION_COMMENTS = YES;
				CLANG_WARN_EMPTY_BODY = YES;
				CLANG_WARN_ENUM_CONVERSION = YES;
				CLANG_WARN_INFINITE_RECURSION = YES;
				CLANG_WARN_INT_CONVERSION = YES;
				CLANG_WARN_NON_LITERAL_NULL_CONVERSION = YES;
				CLANG_WARN_OBJC_IMPLICIT_RETAIN_SELF = YES;
				CLANG_WARN_OBJC_LITERAL_CONVERSION = YES;
				CLANG_WARN_OBJC_ROOT_CLASS = YES_ERROR;
				CLANG_WARN_QUOTED_INCLUDE_IN_FRAMEWORK_HEADER = YES;
				CLANG_WARN_RANGE_LOOP_ANALYSIS = YES;
				CLANG_WARN_STRICT_PROTOTYPES = YES;
				CLANG_WARN_SUSPICIOUS_MOVE = YES;
				CLANG_WARN_UNGUARDED_AVAILABILITY = YES_AGGRESSIVE;
				CLANG_WARN_UNREACHABLE_CODE = YES;
				CLANG_WARN__DUPLICATE_METHOD_MATCH = YES;
				COPY_PHASE_STRIP = NO;
				DEBUG_INFORMATION_FORMAT = "dwarf-with-dsym";
				ENABLE_NS_ASSERTIONS = NO;
				ENABLE_STRICT_OBJC_MSGSEND = YES;
				GCC_C_LANGUAGE_STANDARD = gnu11;
				GCC_NO_COMMON_BLOCKS = YES;
				GCC_WARN_64_TO_32_BIT_CONVERSION = YES;
				GCC_WARN_ABOUT_RETURN_TYPE = YES_ERROR;
				GCC_WARN_UNDECLARED_SELECTOR = YES;
				GCC_WARN_UNINITIALIZED_AUTOS = YES_AGGRESSIVE;
				GCC_WARN_UNUSED_FUNCTION = YES;
				GCC_WARN_UNUSED_VARIABLE = YES;
				IPHONEOS_DEPLOYMENT_TARGET = 14.2;
				MTL_ENABLE_DEBUG_INFO = NO;
				MTL_FAST_MATH = YES;
				SDKROOT = iphoneos;
				SWIFT_COMPILATION_MODE = wholemodule;
				SWIFT_OPTIMIZATION_LEVEL = "-O";
				VALIDATE_PRODUCT = YES;
			};
			name = Release;
		};
		7203E89B265B06E10079FF47 /* Debug */ = {
			isa = XCBuildConfiguration;
			buildSettings = {
				ASSETCATALOG_COMPILER_APPICON_NAME = AppIcon;
				ASSETCATALOG_COMPILER_GLOBAL_ACCENT_COLOR_NAME = AccentColor;
				CODE_SIGN_ALLOW_ENTITLEMENTS_MODIFICATION = YES;
				CODE_SIGN_ENTITLEMENTS = PersonalAccountingApp/PersonalAccountingApp.entitlements;
				CODE_SIGN_STYLE = Automatic;
				DEVELOPMENT_TEAM = S4G67KLBRN;
				INFOPLIST_FILE = PersonalAccountingApp/Info.plist;
				LD_RUNPATH_SEARCH_PATHS = (
					"$(inherited)",
					"@executable_path/Frameworks",
				);
				PRODUCT_BUNDLE_IDENTIFIER = ios.PersonalAccountingApp;
				PRODUCT_NAME = "$(TARGET_NAME)";
				SWIFT_VERSION = 5.0;
				TARGETED_DEVICE_FAMILY = "1,2";
			};
			name = Debug;
		};
		7203E89C265B06E10079FF47 /* Release */ = {
			isa = XCBuildConfiguration;
			buildSettings = {
				ASSETCATALOG_COMPILER_APPICON_NAME = AppIcon;
				ASSETCATALOG_COMPILER_GLOBAL_ACCENT_COLOR_NAME = AccentColor;
				CODE_SIGN_ALLOW_ENTITLEMENTS_MODIFICATION = YES;
				CODE_SIGN_ENTITLEMENTS = PersonalAccountingApp/PersonalAccountingApp.entitlements;
				CODE_SIGN_STYLE = Automatic;
				DEVELOPMENT_TEAM = S4G67KLBRN;
				INFOPLIST_FILE = PersonalAccountingApp/Info.plist;
				LD_RUNPATH_SEARCH_PATHS = (
					"$(inherited)",
					"@executable_path/Frameworks",
				);
				PRODUCT_BUNDLE_IDENTIFIER = ios.PersonalAccountingApp;
				PRODUCT_NAME = "$(TARGET_NAME)";
				SWIFT_VERSION = 5.0;
				TARGETED_DEVICE_FAMILY = "1,2";
			};
			name = Release;
		};
/* End XCBuildConfiguration section */

/* Begin XCConfigurationList section */
		7203E87E265B06DF0079FF47 /* Build configuration list for PBXProject "PersonalAccountingApp" */ = {
			isa = XCConfigurationList;
			buildConfigurations = (
				7203E898265B06E10079FF47 /* Debug */,
				7203E899265B06E10079FF47 /* Release */,
			);
			defaultConfigurationIsVisible = 0;
			defaultConfigurationName = Release;
		};
		7203E89A265B06E10079FF47 /* Build configuration list for PBXNativeTarget "PersonalAccountingApp" */ = {
			isa = XCConfigurationList;
			buildConfigurations = (
				7203E89B265B06E10079FF47 /* Debug */,
				7203E89C265B06E10079FF47 /* Release */,
			);
			defaultConfigurationIsVisible = 0;
			defaultConfigurationName = Release;
		};
/* End XCConfigurationList section */

/* Begin XCVersionGroup section */
		7203E88F265B06DF0079FF47 /* PersonalAccountingApp.xcdatamodeld */ = {
			isa = XCVersionGroup;
			children = (
				7203E890265B06DF0079FF47 /* PersonalAccountingApp.xcdatamodel */,
			);
			currentVersion = 7203E890265B06DF0079FF47 /* PersonalAccountingApp.xcdatamodel */;
			path = PersonalAccountingApp.xcdatamodeld;
			sourceTree = "<group>";
			versionGroupType = wrapper.xcdatamodel;
		};
/* End XCVersionGroup section */
	};
	rootObject = 7203E87B265B06DF0079FF47 /* Project object */;
}
